// !$*UTF8*$!
{
	archiveVersion = 1;
	classes = {
	};
	objectVersion = 46;
	objects = {

/* Begin PBXBuildFile section */
		837971D91ECF59AD00146CB9 /* AppDelegate.swift in Sources */ = {isa = PBXBuildFile; fileRef = 837971D81ECF59AD00146CB9 /* AppDelegate.swift */; };
		837971DB1ECF59AD00146CB9 /* ViewController.swift in Sources */ = {isa = PBXBuildFile; fileRef = 837971DA1ECF59AD00146CB9 /* ViewController.swift */; };
		837971DE1ECF59AD00146CB9 /* Main.storyboard in Resources */ = {isa = PBXBuildFile; fileRef = 837971DC1ECF59AD00146CB9 /* Main.storyboard */; };
		837971E01ECF59AD00146CB9 /* Assets.xcassets in Resources */ = {isa = PBXBuildFile; fileRef = 837971DF1ECF59AD00146CB9 /* Assets.xcassets */; };
		837971E31ECF59AD00146CB9 /* LaunchScreen.storyboard in Resources */ = {isa = PBXBuildFile; fileRef = 837971E11ECF59AD00146CB9 /* LaunchScreen.storyboard */; };
		837971EE1ECF59AD00146CB9 /* TennisScoringKata_Round2Tests.swift in Sources */ = {isa = PBXBuildFile; fileRef = 837971ED1ECF59AD00146CB9 /* TennisScoringKata_Round2Tests.swift */; };
		837971F91ECF59AD00146CB9 /* TennisScoringKata_Round2UITests.swift in Sources */ = {isa = PBXBuildFile; fileRef = 837971F81ECF59AD00146CB9 /* TennisScoringKata_Round2UITests.swift */; };
/* End PBXBuildFile section */

/* Begin PBXContainerItemProxy section */
		837971EA1ECF59AD00146CB9 /* PBXContainerItemProxy */ = {
			isa = PBXContainerItemProxy;
			containerPortal = 837971CD1ECF59AD00146CB9 /* Project object */;
			proxyType = 1;
			remoteGlobalIDString = 837971D41ECF59AD00146CB9;
			remoteInfo = TennisScoringKata_Round2;
		};
		837971F51ECF59AD00146CB9 /* PBXContainerItemProxy */ = {
			isa = PBXContainerItemProxy;
			containerPortal = 837971CD1ECF59AD00146CB9 /* Project object */;
			proxyType = 1;
			remoteGlobalIDString = 837971D41ECF59AD00146CB9;
			remoteInfo = TennisScoringKata_Round2;
		};
/* End PBXContainerItemProxy section */

/* Begin PBXFileReference section */
		837971D51ECF59AD00146CB9 /* TennisScoringKata_Round2.app */ = {isa = PBXFileReference; explicitFileType = wrapper.application; includeInIndex = 0; path = TennisScoringKata_Round2.app; sourceTree = BUILT_PRODUCTS_DIR; };
		837971D81ECF59AD00146CB9 /* AppDelegate.swift */ = {isa = PBXFileReference; lastKnownFileType = sourcecode.swift; path = AppDelegate.swift; sourceTree = "<group>"; };
		837971DA1ECF59AD00146CB9 /* ViewController.swift */ = {isa = PBXFileReference; lastKnownFileType = sourcecode.swift; path = ViewController.swift; sourceTree = "<group>"; };
		837971DD1ECF59AD00146CB9 /* Base */ = {isa = PBXFileReference; lastKnownFileType = file.storyboard; name = Base; path = Base.lproj/Main.storyboard; sourceTree = "<group>"; };
		837971DF1ECF59AD00146CB9 /* Assets.xcassets */ = {isa = PBXFileReference; lastKnownFileType = folder.assetcatalog; path = Assets.xcassets; sourceTree = "<group>"; };
		837971E21ECF59AD00146CB9 /* Base */ = {isa = PBXFileReference; lastKnownFileType = file.storyboard; name = Base; path = Base.lproj/LaunchScreen.storyboard; sourceTree = "<group>"; };
		837971E41ECF59AD00146CB9 /* Info.plist */ = {isa = PBXFileReference; lastKnownFileType = text.plist.xml; path = Info.plist; sourceTree = "<group>"; };
		837971E91ECF59AD00146CB9 /* TennisScoringKata_Round2Tests.xctest */ = {isa = PBXFileReference; explicitFileType = wrapper.cfbundle; includeInIndex = 0; path = TennisScoringKata_Round2Tests.xctest; sourceTree = BUILT_PRODUCTS_DIR; };
		837971ED1ECF59AD00146CB9 /* TennisScoringKata_Round2Tests.swift */ = {isa = PBXFileReference; lastKnownFileType = sourcecode.swift; path = TennisScoringKata_Round2Tests.swift; sourceTree = "<group>"; };
		837971EF1ECF59AD00146CB9 /* Info.plist */ = {isa = PBXFileReference; lastKnownFileType = text.plist.xml; path = Info.plist; sourceTree = "<group>"; };
		837971F41ECF59AD00146CB9 /* TennisScoringKata_Round2UITests.xctest */ = {isa = PBXFileReference; explicitFileType = wrapper.cfbundle; includeInIndex = 0; path = TennisScoringKata_Round2UITests.xctest; sourceTree = BUILT_PRODUCTS_DIR; };
		837971F81ECF59AD00146CB9 /* TennisScoringKata_Round2UITests.swift */ = {isa = PBXFileReference; lastKnownFileType = sourcecode.swift; path = TennisScoringKata_Round2UITests.swift; sourceTree = "<group>"; };
		837971FA1ECF59AD00146CB9 /* Info.plist */ = {isa = PBXFileReference; lastKnownFileType = text.plist.xml; path = Info.plist; sourceTree = "<group>"; };
/* End PBXFileReference section */

/* Begin PBXFrameworksBuildPhase section */
		837971D21ECF59AD00146CB9 /* Frameworks */ = {
			isa = PBXFrameworksBuildPhase;
			buildActionMask = 2147483647;
			files = (
			);
			runOnlyForDeploymentPostprocessing = 0;
		};
		837971E61ECF59AD00146CB9 /* Frameworks */ = {
			isa = PBXFrameworksBuildPhase;
			buildActionMask = 2147483647;
			files = (
			);
			runOnlyForDeploymentPostprocessing = 0;
		};
		837971F11ECF59AD00146CB9 /* Frameworks */ = {
			isa = PBXFrameworksBuildPhase;
			buildActionMask = 2147483647;
			files = (
			);
			runOnlyForDeploymentPostprocessing = 0;
		};
/* End PBXFrameworksBuildPhase section */

/* Begin PBXGroup section */
		837971CC1ECF59AD00146CB9 = {
			isa = PBXGroup;
			children = (
				837971D71ECF59AD00146CB9 /* TennisScoringKata_Round2 */,
				837971EC1ECF59AD00146CB9 /* TennisScoringKata_Round2Tests */,
				837971F71ECF59AD00146CB9 /* TennisScoringKata_Round2UITests */,
				837971D61ECF59AD00146CB9 /* Products */,
			);
			sourceTree = "<group>";
		};
		837971D61ECF59AD00146CB9 /* Products */ = {
			isa = PBXGroup;
			children = (
				837971D51ECF59AD00146CB9 /* TennisScoringKata_Round2.app */,
				837971E91ECF59AD00146CB9 /* TennisScoringKata_Round2Tests.xctest */,
				837971F41ECF59AD00146CB9 /* TennisScoringKata_Round2UITests.xctest */,
			);
			name = Products;
			sourceTree = "<group>";
		};
		837971D71ECF59AD00146CB9 /* TennisScoringKata_Round2 */ = {
			isa = PBXGroup;
			children = (
				837971D81ECF59AD00146CB9 /* AppDelegate.swift */,
				837971DA1ECF59AD00146CB9 /* ViewController.swift */,
				837971DC1ECF59AD00146CB9 /* Main.storyboard */,
				837971DF1ECF59AD00146CB9 /* Assets.xcassets */,
				837971E11ECF59AD00146CB9 /* LaunchScreen.storyboard */,
				837971E41ECF59AD00146CB9 /* Info.plist */,
			);
			path = TennisScoringKata_Round2;
			sourceTree = "<group>";
		};
		837971EC1ECF59AD00146CB9 /* TennisScoringKata_Round2Tests */ = {
			isa = PBXGroup;
			children = (
				837971ED1ECF59AD00146CB9 /* TennisScoringKata_Round2Tests.swift */,
				837971EF1ECF59AD00146CB9 /* Info.plist */,
			);
			path = TennisScoringKata_Round2Tests;
			sourceTree = "<group>";
		};
		837971F71ECF59AD00146CB9 /* TennisScoringKata_Round2UITests */ = {
			isa = PBXGroup;
			children = (
				837971F81ECF59AD00146CB9 /* TennisScoringKata_Round2UITests.swift */,
				837971FA1ECF59AD00146CB9 /* Info.plist */,
			);
			path = TennisScoringKata_Round2UITests;
			sourceTree = "<group>";
		};
/* End PBXGroup section */

/* Begin PBXNativeTarget section */
		837971D41ECF59AD00146CB9 /* TennisScoringKata_Round2 */ = {
			isa = PBXNativeTarget;
			buildConfigurationList = 837971FD1ECF59AD00146CB9 /* Build configuration list for PBXNativeTarget "TennisScoringKata_Round2" */;
			buildPhases = (
				837971D11ECF59AD00146CB9 /* Sources */,
				837971D21ECF59AD00146CB9 /* Frameworks */,
				837971D31ECF59AD00146CB9 /* Resources */,
			);
			buildRules = (
			);
			dependencies = (
			);
			name = TennisScoringKata_Round2;
			productName = TennisScoringKata_Round2;
			productReference = 837971D51ECF59AD00146CB9 /* TennisScoringKata_Round2.app */;
			productType = "com.apple.product-type.application";
		};
		837971E81ECF59AD00146CB9 /* TennisScoringKata_Round2Tests */ = {
			isa = PBXNativeTarget;
			buildConfigurationList = 837972001ECF59AD00146CB9 /* Build configuration list for PBXNativeTarget "TennisScoringKata_Round2Tests" */;
			buildPhases = (
				837971E51ECF59AD00146CB9 /* Sources */,
				837971E61ECF59AD00146CB9 /* Frameworks */,
				837971E71ECF59AD00146CB9 /* Resources */,
			);
			buildRules = (
			);
			dependencies = (
				837971EB1ECF59AD00146CB9 /* PBXTargetDependency */,
			);
			name = TennisScoringKata_Round2Tests;
			productName = TennisScoringKata_Round2Tests;
			productReference = 837971E91ECF59AD00146CB9 /* TennisScoringKata_Round2Tests.xctest */;
			productType = "com.apple.product-type.bundle.unit-test";
		};
		837971F31ECF59AD00146CB9 /* TennisScoringKata_Round2UITests */ = {
			isa = PBXNativeTarget;
			buildConfigurationList = 837972031ECF59AD00146CB9 /* Build configuration list for PBXNativeTarget "TennisScoringKata_Round2UITests" */;
			buildPhases = (
				837971F01ECF59AD00146CB9 /* Sources */,
				837971F11ECF59AD00146CB9 /* Frameworks */,
				837971F21ECF59AD00146CB9 /* Resources */,
			);
			buildRules = (
			);
			dependencies = (
				837971F61ECF59AD00146CB9 /* PBXTargetDependency */,
			);
			name = TennisScoringKata_Round2UITests;
			productName = TennisScoringKata_Round2UITests;
			productReference = 837971F41ECF59AD00146CB9 /* TennisScoringKata_Round2UITests.xctest */;
			productType = "com.apple.product-type.bundle.ui-testing";
		};
/* End PBXNativeTarget section */

/* Begin PBXProject section */
		837971CD1ECF59AD00146CB9 /* Project object */ = {
			isa = PBXProject;
			attributes = {
				LastSwiftUpdateCheck = 0830;
				LastUpgradeCheck = 0830;
				ORGANIZATIONNAME = "Daniel Reinhart";
				TargetAttributes = {
					837971D41ECF59AD00146CB9 = {
						CreatedOnToolsVersion = 8.3.2;
						DevelopmentTeam = Q69JMRS3FN;
						ProvisioningStyle = Automatic;
					};
					837971E81ECF59AD00146CB9 = {
						CreatedOnToolsVersion = 8.3.2;
						DevelopmentTeam = Q69JMRS3FN;
						ProvisioningStyle = Automatic;
						TestTargetID = 837971D41ECF59AD00146CB9;
					};
					837971F31ECF59AD00146CB9 = {
						CreatedOnToolsVersion = 8.3.2;
						DevelopmentTeam = Q69JMRS3FN;
						ProvisioningStyle = Automatic;
						TestTargetID = 837971D41ECF59AD00146CB9;
					};
				};
			};
			buildConfigurationList = 837971D01ECF59AD00146CB9 /* Build configuration list for PBXProject "TennisScoringKata_Round2" */;
			compatibilityVersion = "Xcode 3.2";
			developmentRegion = English;
			hasScannedForEncodings = 0;
			knownRegions = (
				en,
				Base,
			);
			mainGroup = 837971CC1ECF59AD00146CB9;
			productRefGroup = 837971D61ECF59AD00146CB9 /* Products */;
			projectDirPath = "";
			projectRoot = "";
			targets = (
				837971D41ECF59AD00146CB9 /* TennisScoringKata_Round2 */,
				837971E81ECF59AD00146CB9 /* TennisScoringKata_Round2Tests */,
				837971F31ECF59AD00146CB9 /* TennisScoringKata_Round2UITests */,
			);
		};
/* End PBXProject section */

/* Begin PBXResourcesBuildPhase section */
		837971D31ECF59AD00146CB9 /* Resources */ = {
			isa = PBXResourcesBuildPhase;
			buildActionMask = 2147483647;
			files = (
				837971E31ECF59AD00146CB9 /* LaunchScreen.storyboard in Resources */,
				837971E01ECF59AD00146CB9 /* Assets.xcassets in Resources */,
				837971DE1ECF59AD00146CB9 /* Main.storyboard in Resources */,
			);
			runOnlyForDeploymentPostprocessing = 0;
		};
		837971E71ECF59AD00146CB9 /* Resources */ = {
			isa = PBXResourcesBuildPhase;
			buildActionMask = 2147483647;
			files = (
			);
			runOnlyForDeploymentPostprocessing = 0;
		};
		837971F21ECF59AD00146CB9 /* Resources */ = {
			isa = PBXResourcesBuildPhase;
			buildActionMask = 2147483647;
			files = (
			);
			runOnlyForDeploymentPostprocessing = 0;
		};
/* End PBXResourcesBuildPhase section */

/* Begin PBXSourcesBuildPhase section */
		837971D11ECF59AD00146CB9 /* Sources */ = {
			isa = PBXSourcesBuildPhase;
			buildActionMask = 2147483647;
			files = (
				837971DB1ECF59AD00146CB9 /* ViewController.swift in Sources */,
				837971D91ECF59AD00146CB9 /* AppDelegate.swift in Sources */,
			);
			runOnlyForDeploymentPostprocessing = 0;
		};
		837971E51ECF59AD00146CB9 /* Sources */ = {
			isa = PBXSourcesBuildPhase;
			buildActionMask = 2147483647;
			files = (
				837971EE1ECF59AD00146CB9 /* TennisScoringKata_Round2Tests.swift in Sources */,
			);
			runOnlyForDeploymentPostprocessing = 0;
		};
		837971F01ECF59AD00146CB9 /* Sources */ = {
			isa = PBXSourcesBuildPhase;
			buildActionMask = 2147483647;
			files = (
				837971F91ECF59AD00146CB9 /* TennisScoringKata_Round2UITests.swift in Sources */,
			);
			runOnlyForDeploymentPostprocessing = 0;
		};
/* End PBXSourcesBuildPhase section */

/* Begin PBXTargetDependency section */
		837971EB1ECF59AD00146CB9 /* PBXTargetDependency */ = {
			isa = PBXTargetDependency;
			target = 837971D41ECF59AD00146CB9 /* TennisScoringKata_Round2 */;
			targetProxy = 837971EA1ECF59AD00146CB9 /* PBXContainerItemProxy */;
		};
		837971F61ECF59AD00146CB9 /* PBXTargetDependency */ = {
			isa = PBXTargetDependency;
			target = 837971D41ECF59AD00146CB9 /* TennisScoringKata_Round2 */;
			targetProxy = 837971F51ECF59AD00146CB9 /* PBXContainerItemProxy */;
		};
/* End PBXTargetDependency section */

/* Begin PBXVariantGroup section */
		837971DC1ECF59AD00146CB9 /* Main.storyboard */ = {
			isa = PBXVariantGroup;
			children = (
				837971DD1ECF59AD00146CB9 /* Base */,
			);
			name = Main.storyboard;
			sourceTree = "<group>";
		};
		837971E11ECF59AD00146CB9 /* LaunchScreen.storyboard */ = {
			isa = PBXVariantGroup;
			children = (
				837971E21ECF59AD00146CB9 /* Base */,
			);
			name = LaunchScreen.storyboard;
			sourceTree = "<group>";
		};
/* End PBXVariantGroup section */

/* Begin XCBuildConfiguration section */
		837971FB1ECF59AD00146CB9 /* Debug */ = {
			isa = XCBuildConfiguration;
			buildSettings = {
				ALWAYS_SEARCH_USER_PATHS = NO;
				CLANG_ANALYZER_NONNULL = YES;
				CLANG_ANALYZER_NUMBER_OBJECT_CONVERSION = YES_AGGRESSIVE;
				CLANG_CXX_LANGUAGE_STANDARD = "gnu++0x";
				CLANG_CXX_LIBRARY = "libc++";
				CLANG_ENABLE_MODULES = YES;
				CLANG_ENABLE_OBJC_ARC = YES;
				CLANG_WARN_BOOL_CONVERSION = YES;
				CLANG_WARN_CONSTANT_CONVERSION = YES;
				CLANG_WARN_DIRECT_OBJC_ISA_USAGE = YES_ERROR;
				CLANG_WARN_DOCUMENTATION_COMMENTS = YES;
				CLANG_WARN_EMPTY_BODY = YES;
				CLANG_WARN_ENUM_CONVERSION = YES;
				CLANG_WARN_INFINITE_RECURSION = YES;
				CLANG_WARN_INT_CONVERSION = YES;
				CLANG_WARN_OBJC_ROOT_CLASS = YES_ERROR;
				CLANG_WARN_SUSPICIOUS_MOVE = YES;
				CLANG_WARN_UNREACHABLE_CODE = YES;
				CLANG_WARN__DUPLICATE_METHOD_MATCH = YES;
				"CODE_SIGN_IDENTITY[sdk=iphoneos*]" = "iPhone Developer";
				COPY_PHASE_STRIP = NO;
				DEBUG_INFORMATION_FORMAT = dwarf;
				ENABLE_STRICT_OBJC_MSGSEND = YES;
				ENABLE_TESTABILITY = YES;
				GCC_C_LANGUAGE_STANDARD = gnu99;
				GCC_DYNAMIC_NO_PIC = NO;
				GCC_NO_COMMON_BLOCKS = YES;
				GCC_OPTIMIZATION_LEVEL = 0;
				GCC_PREPROCESSOR_DEFINITIONS = (
					"DEBUG=1",
					"$(inherited)",
				);
				GCC_WARN_64_TO_32_BIT_CONVERSION = YES;
				GCC_WARN_ABOUT_RETURN_TYPE = YES_ERROR;
				GCC_WARN_UNDECLARED_SELECTOR = YES;
				GCC_WARN_UNINITIALIZED_AUTOS = YES_AGGRESSIVE;
				GCC_WARN_UNUSED_FUNCTION = YES;
				GCC_WARN_UNUSED_VARIABLE = YES;
				IPHONEOS_DEPLOYMENT_TARGET = 10.3;
				MTL_ENABLE_DEBUG_INFO = YES;
				ONLY_ACTIVE_ARCH = YES;
				SDKROOT = iphoneos;
				SWIFT_ACTIVE_COMPILATION_CONDITIONS = DEBUG;
				SWIFT_OPTIMIZATION_LEVEL = "-Onone";
				TARGETED_DEVICE_FAMILY = "1,2";
			};
			name = Debug;
		};
		837971FC1ECF59AD00146CB9 /* Release */ = {
			isa = XCBuildConfiguration;
			buildSettings = {
				ALWAYS_SEARCH_USER_PATHS = NO;
				CLANG_ANALYZER_NONNULL = YES;
				CLANG_ANALYZER_NUMBER_OBJECT_CONVERSION = YES_AGGRESSIVE;
				CLANG_CXX_LANGUAGE_STANDARD = "gnu++0x";
				CLANG_CXX_LIBRARY = "libc++";
				CLANG_ENABLE_MODULES = YES;
				CLANG_ENABLE_OBJC_ARC = YES;
				CLANG_WARN_BOOL_CONVERSION = YES;
				CLANG_WARN_CONSTANT_CONVERSION = YES;
				CLANG_WARN_DIRECT_OBJC_ISA_USAGE = YES_ERROR;
				CLANG_WARN_DOCUMENTATION_COMMENTS = YES;
				CLANG_WARN_EMPTY_BODY = YES;
				CLANG_WARN_ENUM_CONVERSION = YES;
				CLANG_WARN_INFINITE_RECURSION = YES;
				CLANG_WARN_INT_CONVERSION = YES;
				CLANG_WARN_OBJC_ROOT_CLASS = YES_ERROR;
				CLANG_WARN_SUSPICIOUS_MOVE = YES;
				CLANG_WARN_UNREACHABLE_CODE = YES;
				CLANG_WARN__DUPLICATE_METHOD_MATCH = YES;
				"CODE_SIGN_IDENTITY[sdk=iphoneos*]" = "iPhone Developer";
				COPY_PHASE_STRIP = NO;
				DEBUG_INFORMATION_FORMAT = "dwarf-with-dsym";
				ENABLE_NS_ASSERTIONS = NO;
				ENABLE_STRICT_OBJC_MSGSEND = YES;
				GCC_C_LANGUAGE_STANDARD = gnu99;
				GCC_NO_COMMON_BLOCKS = YES;
				GCC_WARN_64_TO_32_BIT_CONVERSION = YES;
				GCC_WARN_ABOUT_RETURN_TYPE = YES_ERROR;
				GCC_WARN_UNDECLARED_SELECTOR = YES;
				GCC_WARN_UNINITIALIZED_AUTOS = YES_AGGRESSIVE;
				GCC_WARN_UNUSED_FUNCTION = YES;
				GCC_WARN_UNUSED_VARIABLE = YES;
				IPHONEOS_DEPLOYMENT_TARGET = 10.3;
				MTL_ENABLE_DEBUG_INFO = NO;
				SDKROOT = iphoneos;
				SWIFT_OPTIMIZATION_LEVEL = "-Owholemodule";
				TARGETED_DEVICE_FAMILY = "1,2";
				VALIDATE_PRODUCT = YES;
			};
			name = Release;
		};
		837971FE1ECF59AD00146CB9 /* Debug */ = {
			isa = XCBuildConfiguration;
			buildSettings = {
				ASSETCATALOG_COMPILER_APPICON_NAME = AppIcon;
				DEVELOPMENT_TEAM = Q69JMRS3FN;
				INFOPLIST_FILE = TennisScoringKata_Round2/Info.plist;
				LD_RUNPATH_SEARCH_PATHS = "$(inherited) @executable_path/Frameworks";
				PRODUCT_BUNDLE_IDENTIFIER = "DRei.TennisScoringKata-Round2";
				PRODUCT_NAME = "$(TARGET_NAME)";
				SWIFT_VERSION = 3.0;
			};
			name = Debug;
		};
		837971FF1ECF59AD00146CB9 /* Release */ = {
			isa = XCBuildConfiguration;
			buildSettings = {
				ASSETCATALOG_COMPILER_APPICON_NAME = AppIcon;
				DEVELOPMENT_TEAM = Q69JMRS3FN;
				INFOPLIST_FILE = TennisScoringKata_Round2/Info.plist;
				LD_RUNPATH_SEARCH_PATHS = "$(inherited) @executable_path/Frameworks";
				PRODUCT_BUNDLE_IDENTIFIER = "DRei.TennisScoringKata-Round2";
				PRODUCT_NAME = "$(TARGET_NAME)";
				SWIFT_VERSION = 3.0;
			};
			name = Release;
		};
		837972011ECF59AD00146CB9 /* Debug */ = {
			isa = XCBuildConfiguration;
			buildSettings = {
				ALWAYS_EMBED_SWIFT_STANDARD_LIBRARIES = YES;
				BUNDLE_LOADER = "$(TEST_HOST)";
				DEVELOPMENT_TEAM = Q69JMRS3FN;
				INFOPLIST_FILE = TennisScoringKata_Round2Tests/Info.plist;
				LD_RUNPATH_SEARCH_PATHS = "$(inherited) @executable_path/Frameworks @loader_path/Frameworks";
				PRODUCT_BUNDLE_IDENTIFIER = "DRei.TennisScoringKata-Round2Tests";
				PRODUCT_NAME = "$(TARGET_NAME)";
				SWIFT_VERSION = 3.0;
				TEST_HOST = "$(BUILT_PRODUCTS_DIR)/TennisScoringKata_Round2.app/TennisScoringKata_Round2";
			};
			name = Debug;
		};
		837972021ECF59AD00146CB9 /* Release */ = {
			isa = XCBuildConfiguration;
			buildSettings = {
				ALWAYS_EMBED_SWIFT_STANDARD_LIBRARIES = YES;
				BUNDLE_LOADER = "$(TEST_HOST)";
				DEVELOPMENT_TEAM = Q69JMRS3FN;
				INFOPLIST_FILE = TennisScoringKata_Round2Tests/Info.plist;
				LD_RUNPATH_SEARCH_PATHS = "$(inherited) @executable_path/Frameworks @loader_path/Frameworks";
				PRODUCT_BUNDLE_IDENTIFIER = "DRei.TennisScoringKata-Round2Tests";
				PRODUCT_NAME = "$(TARGET_NAME)";
				SWIFT_VERSION = 3.0;
				TEST_HOST = "$(BUILT_PRODUCTS_DIR)/TennisScoringKata_Round2.app/TennisScoringKata_Round2";
			};
			name = Release;
		};
		837972041ECF59AD00146CB9 /* Debug */ = {
			isa = XCBuildConfiguration;
			buildSettings = {
				ALWAYS_EMBED_SWIFT_STANDARD_LIBRARIES = YES;
				DEVELOPMENT_TEAM = Q69JMRS3FN;
				INFOPLIST_FILE = TennisScoringKata_Round2UITests/Info.plist;
				LD_RUNPATH_SEARCH_PATHS = "$(inherited) @executable_path/Frameworks @loader_path/Frameworks";
				PRODUCT_BUNDLE_IDENTIFIER = "DRei.TennisScoringKata-Round2UITests";
				PRODUCT_NAME = "$(TARGET_NAME)";
				SWIFT_VERSION = 3.0;
				TEST_TARGET_NAME = TennisScoringKata_Round2;
			};
			name = Debug;
		};
		837972051ECF59AD00146CB9 /* Release */ = {
			isa = XCBuildConfiguration;
			buildSettings = {
				ALWAYS_EMBED_SWIFT_STANDARD_LIBRARIES = YES;
				DEVELOPMENT_TEAM = Q69JMRS3FN;
				INFOPLIST_FILE = TennisScoringKata_Round2UITests/Info.plist;
				LD_RUNPATH_SEARCH_PATHS = "$(inherited) @executable_path/Frameworks @loader_path/Frameworks";
				PRODUCT_BUNDLE_IDENTIFIER = "DRei.TennisScoringKata-Round2UITests";
				PRODUCT_NAME = "$(TARGET_NAME)";
				SWIFT_VERSION = 3.0;
				TEST_TARGET_NAME = TennisScoringKata_Round2;
			};
			name = Release;
		};
/* End XCBuildConfiguration section */

/* Begin XCConfigurationList section */
		837971D01ECF59AD00146CB9 /* Build configuration list for PBXProject "TennisScoringKata_Round2" */ = {
			isa = XCConfigurationList;
			buildConfigurations = (
				837971FB1ECF59AD00146CB9 /* Debug */,
				837971FC1ECF59AD00146CB9 /* Release */,
			);
			defaultConfigurationIsVisible = 0;
			defaultConfigurationName = Release;
		};
		837971FD1ECF59AD00146CB9 /* Build configuration list for PBXNativeTarget "TennisScoringKata_Round2" */ = {
			isa = XCConfigurationList;
			buildConfigurations = (
				837971FE1ECF59AD00146CB9 /* Debug */,
				837971FF1ECF59AD00146CB9 /* Release */,
			);
			defaultConfigurationIsVisible = 0;
		};
		837972001ECF59AD00146CB9 /* Build configuration list for PBXNativeTarget "TennisScoringKata_Round2Tests" */ = {
			isa = XCConfigurationList;
			buildConfigurations = (
				837972011ECF59AD00146CB9 /* Debug */,
				837972021ECF59AD00146CB9 /* Release */,
			);
			defaultConfigurationIsVisible = 0;
		};
		837972031ECF59AD00146CB9 /* Build configuration list for PBXNativeTarget "TennisScoringKata_Round2UITests" */ = {
			isa = XCConfigurationList;
			buildConfigurations = (
				837972041ECF59AD00146CB9 /* Debug */,
				837972051ECF59AD00146CB9 /* Release */,
			);
			defaultConfigurationIsVisible = 0;
		};
/* End XCConfigurationList section */
	};
	rootObject = 837971CD1ECF59AD00146CB9 /* Project object */;
}
